
Microsoft Visual Studio Solution File, Format Version 12.00
# Visual Studio Version 17
VisualStudioVersion = 17.0.31903.59
MinimumVisualStudioVersion = 10.0.40219.1
Project("{2150E333-8FDC-42A3-9474-1A3956D46DE8}") = "Services", "Services", "{D62AF02D-66C1-4CB7-80E6-F959A0266ED9}"
EndProject
Project("{2150E333-8FDC-42A3-9474-1A3956D46DE8}") = "Restore", "Restore", "{0B17AE5F-6AC4-4B66-B3BB-4794A116C603}"
EndProject
Project("{2150E333-8FDC-42A3-9474-1A3956D46DE8}") = "server", "server", "{127FE9DB-1EF0-46EA-8DAF-43C0B0EE8804}"
EndProject
Project("{9A19103F-16F7-4668-BE54-9A1E7A4F7556}") = "Restore.Core", "server\Services\Restore\Restore.Core\Restore.Core.csproj", "{BE365552-6C5A-451D-ADAC-0AE88EA1DE14}"
EndProject
Project("{9A19103F-16F7-4668-BE54-9A1E7A4F7556}") = "Restore.Application", "server\Services\Restore\Restore.Application\Restore.Application.csproj", "{B8B25AD6-F725-478D-86B0-077E38E384C6}"
EndProject
Project("{9A19103F-16F7-4668-BE54-9A1E7A4F7556}") = "Restore.Infrastructure", "server\Services\Restore\Restore.Infrastructure\Restore.Infrastructure.csproj", "{18D912EC-2C5C-49C8-8C08-D985E2DFACE4}"
EndProject
Project("{9A19103F-16F7-4668-BE54-9A1E7A4F7556}") = "Restore.API", "server\Services\Restore\Restore.API\Restore.API.csproj", "{8E9F8C25-3225-4A7B-A8E5-3F1AE3C4BE27}"
EndProject
Global
	GlobalSection(SolutionConfigurationPlatforms) = preSolution
		Debug|Any CPU = Debug|Any CPU
		Release|Any CPU = Release|Any CPU
	EndGlobalSection
	GlobalSection(ProjectConfigurationPlatforms) = postSolution
		{BE365552-6C5A-451D-ADAC-0AE88EA1DE14}.Debug|Any CPU.ActiveCfg = Debug|Any CPU
		{BE365552-6C5A-451D-ADAC-0AE88EA1DE14}.Debug|Any CPU.Build.0 = Debug|Any CPU
		{BE365552-6C5A-451D-ADAC-0AE88EA1DE14}.Release|Any CPU.ActiveCfg = Release|Any CPU
		{BE365552-6C5A-451D-ADAC-0AE88EA1DE14}.Release|Any CPU.Build.0 = Release|Any CPU
		{B8B25AD6-F725-478D-86B0-077E38E384C6}.Debug|Any CPU.ActiveCfg = Debug|Any CPU
		{B8B25AD6-F725-478D-86B0-077E38E384C6}.Debug|Any CPU.Build.0 = Debug|Any CPU
		{B8B25AD6-F725-478D-86B0-077E38E384C6}.Release|Any CPU.ActiveCfg = Release|Any CPU
		{B8B25AD6-F725-478D-86B0-077E38E384C6}.Release|Any CPU.Build.0 = Release|Any CPU
		{18D912EC-2C5C-49C8-8C08-D985E2DFACE4}.Debug|Any CPU.ActiveCfg = Debug|Any CPU
		{18D912EC-2C5C-49C8-8C08-D985E2DFACE4}.Debug|Any CPU.Build.0 = Debug|Any CPU
		{18D912EC-2C5C-49C8-8C08-D985E2DFACE4}.Release|Any CPU.ActiveCfg = Release|Any CPU
		{18D912EC-2C5C-49C8-8C08-D985E2DFACE4}.Release|Any CPU.Build.0 = Release|Any CPU
		{8E9F8C25-3225-4A7B-A8E5-3F1AE3C4BE27}.Debug|Any CPU.ActiveCfg = Debug|Any CPU
		{8E9F8C25-3225-4A7B-A8E5-3F1AE3C4BE27}.Debug|Any CPU.Build.0 = Debug|Any CPU
		{8E9F8C25-3225-4A7B-A8E5-3F1AE3C4BE27}.Release|Any CPU.ActiveCfg = Release|Any CPU
		{8E9F8C25-3225-4A7B-A8E5-3F1AE3C4BE27}.Release|Any CPU.Build.0 = Release|Any CPU
	EndGlobalSection
	GlobalSection(SolutionProperties) = preSolution
		HideSolutionNode = FALSE
	EndGlobalSection
	GlobalSection(NestedProjects) = preSolution
		{D62AF02D-66C1-4CB7-80E6-F959A0266ED9} = {127FE9DB-1EF0-46EA-8DAF-43C0B0EE8804}
		{0B17AE5F-6AC4-4B66-B3BB-4794A116C603} = {D62AF02D-66C1-4CB7-80E6-F959A0266ED9}
		{BE365552-6C5A-451D-ADAC-0AE88EA1DE14} = {0B17AE5F-6AC4-4B66-B3BB-4794A116C603}
		{B8B25AD6-F725-478D-86B0-077E38E384C6} = {0B17AE5F-6AC4-4B66-B3BB-4794A116C603}
		{18D912EC-2C5C-49C8-8C08-D985E2DFACE4} = {0B17AE5F-6AC4-4B66-B3BB-4794A116C603}
		{8E9F8C25-3225-4A7B-A8E5-3F1AE3C4BE27} = {0B17AE5F-6AC4-4B66-B3BB-4794A116C603}
	EndGlobalSection
EndGlobal
